{
  "name": "universal-credit-liability-tests",
  "version": "1.0.0",
  "lockfileVersion": 3,
  "requires": true,
  "packages": {
    "": {
      "name": "universal-credit-liability-tests",
      "version": "1.0.0",
      "license": "ISC",
      "dependencies": {
        "totp-generator": "^2.0.0"
      }
    },
    "node_modules/jssha": {
      "version": "3.3.1",
      "resolved": "https://registry.npmjs.org/jssha/-/jssha-3.3.1.tgz",
      "integrity": "sha512-VCMZj12FCFMQYcFLPRm/0lOBbLi8uM2BhXPTqw3U4YAfs4AZfiApOoBLoN8cQE60Z50m1MYMTQVCfgF/KaCVhQ==",
      "license": "BSD-3-Clause",
      "engines": {
        "node": "*"
      }
    },
    "node_modules/totp-generator": {
      "version": "2.0.1",
      "resolved": "https://registry.npmjs.org/totp-generator/-/totp-generator-2.0.1.tgz",
      "integrity": "sha512-50DiKmv9zKTPzCgWOqQYVBMvxh+tpL9O3IUFIqzGUlFXzJyb/IQZac8bonXudvLbfuDY8laZ9qTDX+yAvTBNSQ==",
      "license": "MIT",
      "dependencies": {
        "jssha": "^3.3.1"
      }
    }
  }
}
